
Microsoft Visual Studio Solution File, Format Version 12.00
# Visual Studio Version 17
VisualStudioVersion = 17.7.34018.315
MinimumVisualStudioVersion = 10.0.40219.1
Project("{9A19103F-16F7-4668-BE54-9A1E7A4F7556}") = "BulkyWeb", "BulkyWeb\BulkyWeb.csproj", "{74232A15-2A32-4D29-A650-095FA834C2AF}"
EndProject
Project("{FAE04EC0-301F-11D3-BF4B-00C04F79EFBC}") = "Bulky.DataAccess", "Bulky.DataAccess\Bulky.DataAccess.csproj", "{7F5E6820-B070-4E08-BAAA-46B49BF6E0E4}"
EndProject
Project("{FAE04EC0-301F-11D3-BF4B-00C04F79EFBC}") = "Bulky.Models", "Bulky.Models\Bulky.Models.csproj", "{91A07458-8409-4F26-9AAF-3D0B2C067976}"
EndProject
Project("{FAE04EC0-301F-11D3-BF4B-00C04F79EFBC}") = "Bulky.Utility", "Bulky.Utility\Bulky.Utility.csproj", "{05119CBB-896C-4A83-813B-BD812D4ABDD6}"
EndProject
Global
	GlobalSection(SolutionConfigurationPlatforms) = preSolution
		Debug|Any CPU = Debug|Any CPU
		Release|Any CPU = Release|Any CPU
	EndGlobalSection
	GlobalSection(ProjectConfigurationPlatforms) = postSolution
		{74232A15-2A32-4D29-A650-095FA834C2AF}.Debug|Any CPU.ActiveCfg = Debug|Any CPU
		{74232A15-2A32-4D29-A650-095FA834C2AF}.Debug|Any CPU.Build.0 = Debug|Any CPU
		{74232A15-2A32-4D29-A650-095FA834C2AF}.Release|Any CPU.ActiveCfg = Release|Any CPU
		{74232A15-2A32-4D29-A650-095FA834C2AF}.Release|Any CPU.Build.0 = Release|Any CPU
		{7F5E6820-B070-4E08-BAAA-46B49BF6E0E4}.Debug|Any CPU.ActiveCfg = Debug|Any CPU
		{7F5E6820-B070-4E08-BAAA-46B49BF6E0E4}.Debug|Any CPU.Build.0 = Debug|Any CPU
		{7F5E6820-B070-4E08-BAAA-46B49BF6E0E4}.Release|Any CPU.ActiveCfg = Release|Any CPU
		{7F5E6820-B070-4E08-BAAA-46B49BF6E0E4}.Release|Any CPU.Build.0 = Release|Any CPU
		{91A07458-8409-4F26-9AAF-3D0B2C067976}.Debug|Any CPU.ActiveCfg = Debug|Any CPU
		{91A07458-8409-4F26-9AAF-3D0B2C067976}.Debug|Any CPU.Build.0 = Debug|Any CPU
		{91A07458-8409-4F26-9AAF-3D0B2C067976}.Release|Any CPU.ActiveCfg = Release|Any CPU
		{91A07458-8409-4F26-9AAF-3D0B2C067976}.Release|Any CPU.Build.0 = Release|Any CPU
		{05119CBB-896C-4A83-813B-BD812D4ABDD6}.Debug|Any CPU.ActiveCfg = Debug|Any CPU
		{05119CBB-896C-4A83-813B-BD812D4ABDD6}.Debug|Any CPU.Build.0 = Debug|Any CPU
		{05119CBB-896C-4A83-813B-BD812D4ABDD6}.Release|Any CPU.ActiveCfg = Release|Any CPU
		{05119CBB-896C-4A83-813B-BD812D4ABDD6}.Release|Any CPU.Build.0 = Release|Any CPU
	EndGlobalSection
	GlobalSection(SolutionProperties) = preSolution
		HideSolutionNode = FALSE
	EndGlobalSection
	GlobalSection(ExtensibilityGlobals) = postSolution
		SolutionGuid = {97845CAF-34AD-48A3-B261-AB413EA8826B}
	EndGlobalSection
EndGlobal
